
Microsoft Visual Studio Solution File, Format Version 11.00
# Visual Studio 2010
Project("{FAE04EC0-301F-11D3-BF4B-00C04F79EFBC}") = "British Wildlife Centre", "Assembly-CSharp.csproj", "{5463284E-B209-F483-6231-639A6D9AD729}"
EndProject
Project("{FAE04EC0-301F-11D3-BF4B-00C04F79EFBC}") = "British Wildlife Centre", "Assembly-CSharp-Editor.csproj", "{748CA308-AC2F-ECC4-7F72-0AB760BF920B}"
EndProject
Global
	GlobalSection(SolutionConfigurationPlatforms) = preSolution
		Debug|Any CPU = Debug|Any CPU
		Release|Any CPU = Release|Any CPU
	EndGlobalSection
	GlobalSection(ProjectConfigurationPlatforms) = postSolution
		{5463284E-B209-F483-6231-639A6D9AD729}.Debug|Any CPU.ActiveCfg = Debug|Any CPU
		{5463284E-B209-F483-6231-639A6D9AD729}.Debug|Any CPU.Build.0 = Debug|Any CPU
		{5463284E-B209-F483-6231-639A6D9AD729}.Release|Any CPU.ActiveCfg = Release|Any CPU
		{5463284E-B209-F483-6231-639A6D9AD729}.Release|Any CPU.Build.0 = Release|Any CPU
		{748CA308-AC2F-ECC4-7F72-0AB760BF920B}.Debug|Any CPU.ActiveCfg = Debug|Any CPU
		{748CA308-AC2F-ECC4-7F72-0AB760BF920B}.Debug|Any CPU.Build.0 = Debug|Any CPU
		{748CA308-AC2F-ECC4-7F72-0AB760BF920B}.Release|Any CPU.ActiveCfg = Release|Any CPU
		{748CA308-AC2F-ECC4-7F72-0AB760BF920B}.Release|Any CPU.Build.0 = Release|Any CPU
	EndGlobalSection
	GlobalSection(SolutionProperties) = preSolution
		HideSolutionNode = FALSE
	EndGlobalSection
	GlobalSection(MonoDevelopProperties) = preSolution
		StartupItem = Assembly-CSharp.csproj
	EndGlobalSection
EndGlobal
